{
  "name": "@codecrafters/redis",
  "version": "1.0.0",
  "lockfileVersion": 3,
  "requires": true,
  "packages": {
    "": {
      "name": "@codecrafters/redis",
      "version": "1.0.0",
      "dependencies": {
        "skiplist": "^1.0.1"
      }
    },
    "node_modules/skiplist": {
      "version": "1.0.1",
      "resolved": "https://registry.npmjs.org/skiplist/-/skiplist-1.0.1.tgz",
      "integrity": "sha512-jUjxiS8prGuvN1XhgQ9ehY4oxKqyKF7vHAxGDH/QhAy459x6BvAxyaK8d5BRTyopbH/zfvXKou04wPtAKIb2JQ==",
      "license": "MIT"
    }
  }
}
